// !$*UTF8*$!
{
	archiveVersion = 1;
	classes = {
	};
	objectVersion = 46;
	objects = {

/* Begin PBXBuildFile section */
		9C15DD2515458A210095FBED /* MGSceneObject.m in Sources */ = {isa = PBXBuildFile; fileRef = 9C15DD2415458A1F0095FBED /* MGSceneObject.m */; };
		9C15DD73154E9AD20095FBED /* MGButton.m in Sources */ = {isa = PBXBuildFile; fileRef = 9C15DD72154E9AD20095FBED /* MGButton.m */; };
		9C15DD77154E9B2F0095FBED /* MGMainState.m in Sources */ = {isa = PBXBuildFile; fileRef = 9C15DD76154E9B2F0095FBED /* MGMainState.m */; };
		9C15DD8315513ABD0095FBED /* MGState.m in Sources */ = {isa = PBXBuildFile; fileRef = 9C15DD8215513ABD0095FBED /* MGState.m */; };
		9C15DD8B155152DC0095FBED /* MGStateManager.m in Sources */ = {isa = PBXBuildFile; fileRef = 9C15DD8A155152DC0095FBED /* MGStateManager.m */; };
		9C15DD8E1553EF010095FBED /* MGHelpState.m in Sources */ = {isa = PBXBuildFile; fileRef = 9C15DD8D1553EF000095FBED /* MGHelpState.m */; };
		9C15DD911553EF3B0095FBED /* MGPlayState.m in Sources */ = {isa = PBXBuildFile; fileRef = 9C15DD901553EF3A0095FBED /* MGPlayState.m */; };
		9C15DD941553EF650095FBED /* MGGameOverState.m in Sources */ = {isa = PBXBuildFile; fileRef = 9C15DD931553EF620095FBED /* MGGameOverState.m */; };
		9C15DD971553EFB70095FBED /* MGPauseState.m in Sources */ = {isa = PBXBuildFile; fileRef = 9C15DD961553EFB70095FBED /* MGPauseState.m */; };
		9C15DD9F1553F84C0095FBED /* MGBird.m in Sources */ = {isa = PBXBuildFile; fileRef = 9C15DD9E1553F84C0095FBED /* MGBird.m */; };
		9CAC5B16153D8B23003ECB4F /* MGTouch.m in Sources */ = {isa = PBXBuildFile; fileRef = 9CAC5B15153D8B23003ECB4F /* MGTouch.m */; };
		9CAE9C6B1557F28600C88B50 /* MGMobileObject.m in Sources */ = {isa = PBXBuildFile; fileRef = 9CAE9C6A1557F28600C88B50 /* MGMobileObject.m */; };
		9CAE9C6F155A7D0000C88B50 /* MGMultipleBirdGenerator.m in Sources */ = {isa = PBXBuildFile; fileRef = 9CAE9C6E155A7D0000C88B50 /* MGMultipleBirdGenerator.m */; };
		9CAE9C72155A9D9C00C88B50 /* MGTimedMultipleObjectGenerator.m in Sources */ = {isa = PBXBuildFile; fileRef = 9CAE9C71155A9D9C00C88B50 /* MGTimedMultipleObjectGenerator.m */; };
		9CAE9C76155BE9CE00C88B50 /* MGSceneObjectDestroyer.m in Sources */ = {isa = PBXBuildFile; fileRef = 9CAE9C75155BE9CE00C88B50 /* MGSceneObjectDestroyer.m */; };
		9CAE9C79156253FD00C88B50 /* MGDuck.m in Sources */ = {isa = PBXBuildFile; fileRef = 9CAE9C78156253FC00C88B50 /* MGDuck.m */; };
		9CAE9C7C156264FA00C88B50 /* MGMultipleDuckGenerator.m in Sources */ = {isa = PBXBuildFile; fileRef = 9CAE9C7B156264FA00C88B50 /* MGMultipleDuckGenerator.m */; };
		9CAE9C851565285600C88B50 /* Leaf.m in Sources */ = {isa = PBXBuildFile; fileRef = 9CAE9C841565285600C88B50 /* Leaf.m */; };
		9CE04F4D151380CF00185442 /* UIKit.framework in Frameworks */ = {isa = PBXBuildFile; fileRef = 9CE04F4C151380CF00185442 /* UIKit.framework */; };
		9CE04F4F151380CF00185442 /* Foundation.framework in Frameworks */ = {isa = PBXBuildFile; fileRef = 9CE04F4E151380CF00185442 /* Foundation.framework */; };
		9CE04F51151380CF00185442 /* CoreGraphics.framework in Frameworks */ = {isa = PBXBuildFile; fileRef = 9CE04F50151380CF00185442 /* CoreGraphics.framework */; };
		9CE04F57151380CF00185442 /* InfoPlist.strings in Resources */ = {isa = PBXBuildFile; fileRef = 9CE04F55151380CF00185442 /* InfoPlist.strings */; };
		9CE04F59151380CF00185442 /* main.m in Sources */ = {isa = PBXBuildFile; fileRef = 9CE04F58151380CF00185442 /* main.m */; };
		9CE04F5D151380CF00185442 /* MGAppDelegate.m in Sources */ = {isa = PBXBuildFile; fileRef = 9CE04F5C151380CF00185442 /* MGAppDelegate.m */; };
		9CE04F651513CCBA00185442 /* EAGLView.m in Sources */ = {isa = PBXBuildFile; fileRef = 9CE04F641513CCBA00185442 /* EAGLView.m */; };
		9CE04F67151B463100185442 /* QuartzCore.framework in Frameworks */ = {isa = PBXBuildFile; fileRef = 9CE04F66151B463100185442 /* QuartzCore.framework */; };
		9CE04F69151B464D00185442 /* OpenGLES.framework in Frameworks */ = {isa = PBXBuildFile; fileRef = 9CE04F68151B464D00185442 /* OpenGLES.framework */; };
		9CEEFF16152F70FC0004D9AA /* MGInputViewController.m in Sources */ = {isa = PBXBuildFile; fileRef = 9CEEFF15152F70FC0004D9AA /* MGInputViewController.m */; };
		9CEEFF1A1531C37F0004D9AA /* MGSceneController.m in Sources */ = {isa = PBXBuildFile; fileRef = 9CEEFF191531C37F0004D9AA /* MGSceneController.m */; };
		9CEEFF291538560A0004D9AA /* MGMesh.m in Sources */ = {isa = PBXBuildFile; fileRef = 9CEEFF281538560A0004D9AA /* MGMesh.m */; };
		9CEEFF2D1539941F0004D9AA /* MainWindow.xib in Resources */ = {isa = PBXBuildFile; fileRef = 9CEEFF2C1539941F0004D9AA /* MainWindow.xib */; };
/* End PBXBuildFile section */

/* Begin PBXFileReference section */
		9C15DD2315458A1E0095FBED /* MGSceneObject.h */ = {isa = PBXFileReference; fileEncoding = 4; lastKnownFileType = sourcecode.c.h; path = MGSceneObject.h; sourceTree = "<group>"; };
		9C15DD2415458A1F0095FBED /* MGSceneObject.m */ = {isa = PBXFileReference; fileEncoding = 4; lastKnownFileType = sourcecode.c.objc; path = MGSceneObject.m; sourceTree = "<group>"; };
		9C15DD71154E9AD20095FBED /* MGButton.h */ = {isa = PBXFileReference; fileEncoding = 4; lastKnownFileType = sourcecode.c.h; path = MGButton.h; sourceTree = "<group>"; };
		9C15DD72154E9AD20095FBED /* MGButton.m */ = {isa = PBXFileReference; fileEncoding = 4; lastKnownFileType = sourcecode.c.objc; path = MGButton.m; sourceTree = "<group>"; };
		9C15DD75154E9B2F0095FBED /* MGMainState.h */ = {isa = PBXFileReference; fileEncoding = 4; lastKnownFileType = sourcecode.c.h; path = MGMainState.h; sourceTree = "<group>"; };
		9C15DD76154E9B2F0095FBED /* MGMainState.m */ = {isa = PBXFileReference; fileEncoding = 4; lastKnownFileType = sourcecode.c.objc; path = MGMainState.m; sourceTree = "<group>"; };
		9C15DD8115513ABD0095FBED /* MGState.h */ = {isa = PBXFileReference; fileEncoding = 4; lastKnownFileType = sourcecode.c.h; path = MGState.h; sourceTree = "<group>"; };
		9C15DD8215513ABD0095FBED /* MGState.m */ = {isa = PBXFileReference; fileEncoding = 4; lastKnownFileType = sourcecode.c.objc; path = MGState.m; sourceTree = "<group>"; };
		9C15DD89155152DB0095FBED /* MGStateManager.h */ = {isa = PBXFileReference; fileEncoding = 4; lastKnownFileType = sourcecode.c.h; path = MGStateManager.h; sourceTree = "<group>"; };
		9C15DD8A155152DC0095FBED /* MGStateManager.m */ = {isa = PBXFileReference; fileEncoding = 4; lastKnownFileType = sourcecode.c.objc; path = MGStateManager.m; sourceTree = "<group>"; };
		9C15DD8C1553EEFF0095FBED /* MGHelpState.h */ = {isa = PBXFileReference; fileEncoding = 4; lastKnownFileType = sourcecode.c.h; path = MGHelpState.h; sourceTree = "<group>"; };
		9C15DD8D1553EF000095FBED /* MGHelpState.m */ = {isa = PBXFileReference; fileEncoding = 4; lastKnownFileType = sourcecode.c.objc; path = MGHelpState.m; sourceTree = "<group>"; };
		9C15DD8F1553EF390095FBED /* MGPlayState.h */ = {isa = PBXFileReference; fileEncoding = 4; lastKnownFileType = sourcecode.c.h; path = MGPlayState.h; sourceTree = "<group>"; };
		9C15DD901553EF3A0095FBED /* MGPlayState.m */ = {isa = PBXFileReference; fileEncoding = 4; lastKnownFileType = sourcecode.c.objc; path = MGPlayState.m; sourceTree = "<group>"; };
		9C15DD921553EF620095FBED /* MGGameOverState.h */ = {isa = PBXFileReference; fileEncoding = 4; lastKnownFileType = sourcecode.c.h; path = MGGameOverState.h; sourceTree = "<group>"; };
		9C15DD931553EF620095FBED /* MGGameOverState.m */ = {isa = PBXFileReference; fileEncoding = 4; lastKnownFileType = sourcecode.c.objc; path = MGGameOverState.m; sourceTree = "<group>"; };
		9C15DD951553EFB60095FBED /* MGPauseState.h */ = {isa = PBXFileReference; fileEncoding = 4; lastKnownFileType = sourcecode.c.h; path = MGPauseState.h; sourceTree = "<group>"; };
		9C15DD961553EFB70095FBED /* MGPauseState.m */ = {isa = PBXFileReference; fileEncoding = 4; lastKnownFileType = sourcecode.c.objc; path = MGPauseState.m; sourceTree = "<group>"; };
		9C15DD9D1553F84C0095FBED /* MGBird.h */ = {isa = PBXFileReference; fileEncoding = 4; lastKnownFileType = sourcecode.c.h; path = MGBird.h; sourceTree = "<group>"; };
		9C15DD9E1553F84C0095FBED /* MGBird.m */ = {isa = PBXFileReference; fileEncoding = 4; lastKnownFileType = sourcecode.c.objc; path = MGBird.m; sourceTree = "<group>"; };
		9CA68A23152C6F7B008E11AF /* MGConfiguration.h */ = {isa = PBXFileReference; fileEncoding = 4; lastKnownFileType = sourcecode.c.h; path = MGConfiguration.h; sourceTree = "<group>"; };
		9CAC5B14153D8B23003ECB4F /* MGTouch.h */ = {isa = PBXFileReference; fileEncoding = 4; lastKnownFileType = sourcecode.c.h; path = MGTouch.h; sourceTree = "<group>"; };
		9CAC5B15153D8B23003ECB4F /* MGTouch.m */ = {isa = PBXFileReference; fileEncoding = 4; lastKnownFileType = sourcecode.c.objc; path = MGTouch.m; sourceTree = "<group>"; };
		9CAE9C691557F28600C88B50 /* MGMobileObject.h */ = {isa = PBXFileReference; fileEncoding = 4; lastKnownFileType = sourcecode.c.h; path = MGMobileObject.h; sourceTree = "<group>"; };
		9CAE9C6A1557F28600C88B50 /* MGMobileObject.m */ = {isa = PBXFileReference; fileEncoding = 4; lastKnownFileType = sourcecode.c.objc; path = MGMobileObject.m; sourceTree = "<group>"; };
		9CAE9C6D155A7D0000C88B50 /* MGMultipleBirdGenerator.h */ = {isa = PBXFileReference; fileEncoding = 4; lastKnownFileType = sourcecode.c.h; path = MGMultipleBirdGenerator.h; sourceTree = "<group>"; };
		9CAE9C6E155A7D0000C88B50 /* MGMultipleBirdGenerator.m */ = {isa = PBXFileReference; fileEncoding = 4; lastKnownFileType = sourcecode.c.objc; path = MGMultipleBirdGenerator.m; sourceTree = "<group>"; };
		9CAE9C70155A9D9C00C88B50 /* MGTimedMultipleObjectGenerator.h */ = {isa = PBXFileReference; fileEncoding = 4; lastKnownFileType = sourcecode.c.h; path = MGTimedMultipleObjectGenerator.h; sourceTree = "<group>"; };
		9CAE9C71155A9D9C00C88B50 /* MGTimedMultipleObjectGenerator.m */ = {isa = PBXFileReference; fileEncoding = 4; lastKnownFileType = sourcecode.c.objc; path = MGTimedMultipleObjectGenerator.m; sourceTree = "<group>"; };
		9CAE9C74155BE9CE00C88B50 /* MGSceneObjectDestroyer.h */ = {isa = PBXFileReference; fileEncoding = 4; lastKnownFileType = sourcecode.c.h; path = MGSceneObjectDestroyer.h; sourceTree = "<group>"; };
		9CAE9C75155BE9CE00C88B50 /* MGSceneObjectDestroyer.m */ = {isa = PBXFileReference; fileEncoding = 4; lastKnownFileType = sourcecode.c.objc; path = MGSceneObjectDestroyer.m; sourceTree = "<group>"; };
		9CAE9C77156253FB00C88B50 /* MGDuck.h */ = {isa = PBXFileReference; fileEncoding = 4; lastKnownFileType = sourcecode.c.h; path = MGDuck.h; sourceTree = "<group>"; };
		9CAE9C78156253FC00C88B50 /* MGDuck.m */ = {isa = PBXFileReference; fileEncoding = 4; lastKnownFileType = sourcecode.c.objc; path = MGDuck.m; sourceTree = "<group>"; };
		9CAE9C7A156264FA00C88B50 /* MGMultipleDuckGenerator.h */ = {isa = PBXFileReference; fileEncoding = 4; lastKnownFileType = sourcecode.c.h; path = MGMultipleDuckGenerator.h; sourceTree = "<group>"; };
		9CAE9C7B156264FA00C88B50 /* MGMultipleDuckGenerator.m */ = {isa = PBXFileReference; fileEncoding = 4; lastKnownFileType = sourcecode.c.objc; path = MGMultipleDuckGenerator.m; sourceTree = "<group>"; };
		9CAE9C7D1564F23D00C88B50 /* MGGenerator.h */ = {isa = PBXFileReference; fileEncoding = 4; lastKnownFileType = sourcecode.c.h; path = MGGenerator.h; sourceTree = "<group>"; };
		9CAE9C831565285600C88B50 /* Leaf.h */ = {isa = PBXFileReference; fileEncoding = 4; lastKnownFileType = sourcecode.c.h; path = Leaf.h; sourceTree = "<group>"; };
		9CAE9C841565285600C88B50 /* Leaf.m */ = {isa = PBXFileReference; fileEncoding = 4; lastKnownFileType = sourcecode.c.objc; path = Leaf.m; sourceTree = "<group>"; };
		9CE04F48151380CF00185442 /* MyGame.app */ = {isa = PBXFileReference; explicitFileType = wrapper.application; includeInIndex = 0; path = MyGame.app; sourceTree = BUILT_PRODUCTS_DIR; };
		9CE04F4C151380CF00185442 /* UIKit.framework */ = {isa = PBXFileReference; lastKnownFileType = wrapper.framework; name = UIKit.framework; path = System/Library/Frameworks/UIKit.framework; sourceTree = SDKROOT; };
		9CE04F4E151380CF00185442 /* Foundation.framework */ = {isa = PBXFileReference; lastKnownFileType = wrapper.framework; name = Foundation.framework; path = System/Library/Frameworks/Foundation.framework; sourceTree = SDKROOT; };
		9CE04F50151380CF00185442 /* CoreGraphics.framework */ = {isa = PBXFileReference; lastKnownFileType = wrapper.framework; name = CoreGraphics.framework; path = System/Library/Frameworks/CoreGraphics.framework; sourceTree = SDKROOT; };
		9CE04F54151380CF00185442 /* MyGame-Info.plist */ = {isa = PBXFileReference; lastKnownFileType = text.plist.xml; path = "MyGame-Info.plist"; sourceTree = "<group>"; };
		9CE04F56151380CF00185442 /* en */ = {isa = PBXFileReference; lastKnownFileType = text.plist.strings; name = en; path = en.lproj/InfoPlist.strings; sourceTree = "<group>"; };
		9CE04F58151380CF00185442 /* main.m */ = {isa = PBXFileReference; lastKnownFileType = sourcecode.c.objc; path = main.m; sourceTree = "<group>"; };
		9CE04F5A151380CF00185442 /* MyGame-Prefix.pch */ = {isa = PBXFileReference; lastKnownFileType = sourcecode.c.h; path = "MyGame-Prefix.pch"; sourceTree = "<group>"; };
		9CE04F5B151380CF00185442 /* MGAppDelegate.h */ = {isa = PBXFileReference; lastKnownFileType = sourcecode.c.h; path = MGAppDelegate.h; sourceTree = "<group>"; };
		9CE04F5C151380CF00185442 /* MGAppDelegate.m */ = {isa = PBXFileReference; lastKnownFileType = sourcecode.c.objc; path = MGAppDelegate.m; sourceTree = "<group>"; };
		9CE04F631513CCBA00185442 /* EAGLView.h */ = {isa = PBXFileReference; fileEncoding = 4; lastKnownFileType = sourcecode.c.h; path = EAGLView.h; sourceTree = "<group>"; };
		9CE04F641513CCBA00185442 /* EAGLView.m */ = {isa = PBXFileReference; fileEncoding = 4; lastKnownFileType = sourcecode.c.objc; path = EAGLView.m; sourceTree = "<group>"; };
		9CE04F66151B463100185442 /* QuartzCore.framework */ = {isa = PBXFileReference; lastKnownFileType = wrapper.framework; name = QuartzCore.framework; path = System/Library/Frameworks/QuartzCore.framework; sourceTree = SDKROOT; };
		9CE04F68151B464D00185442 /* OpenGLES.framework */ = {isa = PBXFileReference; lastKnownFileType = wrapper.framework; name = OpenGLES.framework; path = System/Library/Frameworks/OpenGLES.framework; sourceTree = SDKROOT; };
		9CEEFF14152F70FC0004D9AA /* MGInputViewController.h */ = {isa = PBXFileReference; fileEncoding = 4; lastKnownFileType = sourcecode.c.h; path = MGInputViewController.h; sourceTree = "<group>"; };
		9CEEFF15152F70FC0004D9AA /* MGInputViewController.m */ = {isa = PBXFileReference; fileEncoding = 4; lastKnownFileType = sourcecode.c.objc; path = MGInputViewController.m; sourceTree = "<group>"; };
		9CEEFF181531C37F0004D9AA /* MGSceneController.h */ = {isa = PBXFileReference; fileEncoding = 4; lastKnownFileType = sourcecode.c.h; path = MGSceneController.h; sourceTree = "<group>"; };
		9CEEFF191531C37F0004D9AA /* MGSceneController.m */ = {isa = PBXFileReference; fileEncoding = 4; lastKnownFileType = sourcecode.c.objc; path = MGSceneController.m; sourceTree = "<group>"; };
		9CEEFF271538560A0004D9AA /* MGMesh.h */ = {isa = PBXFileReference; fileEncoding = 4; lastKnownFileType = sourcecode.c.h; path = MGMesh.h; sourceTree = "<group>"; };
		9CEEFF281538560A0004D9AA /* MGMesh.m */ = {isa = PBXFileReference; fileEncoding = 4; lastKnownFileType = sourcecode.c.objc; path = MGMesh.m; sourceTree = "<group>"; };
		9CEEFF2A1538960C0004D9AA /* MGPoint.h */ = {isa = PBXFileReference; fileEncoding = 4; lastKnownFileType = sourcecode.c.h; path = MGPoint.h; sourceTree = "<group>"; };
		9CEEFF2C1539941F0004D9AA /* MainWindow.xib */ = {isa = PBXFileReference; fileEncoding = 4; lastKnownFileType = file.xib; path = MainWindow.xib; sourceTree = "<group>"; };
/* End PBXFileReference section */

/* Begin PBXFrameworksBuildPhase section */
		9CE04F45151380CF00185442 /* Frameworks */ = {
			isa = PBXFrameworksBuildPhase;
			buildActionMask = 2147483647;
			files = (
				9CE04F69151B464D00185442 /* OpenGLES.framework in Frameworks */,
				9CE04F67151B463100185442 /* QuartzCore.framework in Frameworks */,
				9CE04F4D151380CF00185442 /* UIKit.framework in Frameworks */,
				9CE04F4F151380CF00185442 /* Foundation.framework in Frameworks */,
				9CE04F51151380CF00185442 /* CoreGraphics.framework in Frameworks */,
			);
			runOnlyForDeploymentPostprocessing = 0;
		};
/* End PBXFrameworksBuildPhase section */

/* Begin PBXGroup section */
		9C15DD6F154E9A860095FBED /* Scene Objects */ = {
			isa = PBXGroup;
			children = (
				9C15DD71154E9AD20095FBED /* MGButton.h */,
				9C15DD72154E9AD20095FBED /* MGButton.m */,
				9C15DD9D1553F84C0095FBED /* MGBird.h */,
				9C15DD9E1553F84C0095FBED /* MGBird.m */,
				9CAE9C77156253FB00C88B50 /* MGDuck.h */,
				9CAE9C78156253FC00C88B50 /* MGDuck.m */,
				9CAE9C831565285600C88B50 /* Leaf.h */,
				9CAE9C841565285600C88B50 /* Leaf.m */,
			);
			name = "Scene Objects";
			sourceTree = "<group>";
		};
		9C15DD74154E9AE70095FBED /* States */ = {
			isa = PBXGroup;
			children = (
				9C15DD89155152DB0095FBED /* MGStateManager.h */,
				9C15DD8A155152DC0095FBED /* MGStateManager.m */,
				9C15DD8115513ABD0095FBED /* MGState.h */,
				9C15DD8215513ABD0095FBED /* MGState.m */,
				9C15DD75154E9B2F0095FBED /* MGMainState.h */,
				9C15DD76154E9B2F0095FBED /* MGMainState.m */,
				9C15DD8C1553EEFF0095FBED /* MGHelpState.h */,
				9C15DD8D1553EF000095FBED /* MGHelpState.m */,
				9C15DD8F1553EF390095FBED /* MGPlayState.h */,
				9C15DD901553EF3A0095FBED /* MGPlayState.m */,
				9C15DD921553EF620095FBED /* MGGameOverState.h */,
				9C15DD931553EF620095FBED /* MGGameOverState.m */,
				9C15DD951553EFB60095FBED /* MGPauseState.h */,
				9C15DD961553EFB70095FBED /* MGPauseState.m */,
			);
			name = States;
			sourceTree = "<group>";
		};
		9CA68A25152C6FE4008E11AF /* Configuration Files */ = {
			isa = PBXGroup;
			children = (
				9CAE9C7D1564F23D00C88B50 /* MGGenerator.h */,
				9CA68A23152C6F7B008E11AF /* MGConfiguration.h */,
				9CEEFF2A1538960C0004D9AA /* MGPoint.h */,
			);
			name = "Configuration Files";
			sourceTree = "<group>";
		};
		9CAC5B13153D8AEC003ECB4F /* Touches */ = {
			isa = PBXGroup;
			children = (
				9CAC5B14153D8B23003ECB4F /* MGTouch.h */,
				9CAC5B15153D8B23003ECB4F /* MGTouch.m */,
			);
			name = Touches;
			sourceTree = "<group>";
		};
		9CAE9C6C155A7CBA00C88B50 /* Generators */ = {
			isa = PBXGroup;
			children = (
				9CAE9C6D155A7D0000C88B50 /* MGMultipleBirdGenerator.h */,
				9CAE9C6E155A7D0000C88B50 /* MGMultipleBirdGenerator.m */,
				9CAE9C70155A9D9C00C88B50 /* MGTimedMultipleObjectGenerator.h */,
				9CAE9C71155A9D9C00C88B50 /* MGTimedMultipleObjectGenerator.m */,
				9CAE9C7A156264FA00C88B50 /* MGMultipleDuckGenerator.h */,
				9CAE9C7B156264FA00C88B50 /* MGMultipleDuckGenerator.m */,
			);
			name = Generators;
			sourceTree = "<group>";
		};
		9CAE9C73155BE99200C88B50 /* Destroyers */ = {
			isa = PBXGroup;
			children = (
				9CAE9C74155BE9CE00C88B50 /* MGSceneObjectDestroyer.h */,
				9CAE9C75155BE9CE00C88B50 /* MGSceneObjectDestroyer.m */,
			);
			name = Destroyers;
			sourceTree = "<group>";
		};
		9CE04F3D151380CF00185442 = {
			isa = PBXGroup;
			children = (
				9CE04F52151380CF00185442 /* MyGame */,
				9CE04F4B151380CF00185442 /* Frameworks */,
				9CE04F49151380CF00185442 /* Products */,
			);
			sourceTree = "<group>";
		};
		9CE04F49151380CF00185442 /* Products */ = {
			isa = PBXGroup;
			children = (
				9CE04F48151380CF00185442 /* MyGame.app */,
			);
			name = Products;
			sourceTree = "<group>";
		};
		9CE04F4B151380CF00185442 /* Frameworks */ = {
			isa = PBXGroup;
			children = (
				9CE04F68151B464D00185442 /* OpenGLES.framework */,
				9CE04F66151B463100185442 /* QuartzCore.framework */,
				9CE04F4C151380CF00185442 /* UIKit.framework */,
				9CE04F4E151380CF00185442 /* Foundation.framework */,
				9CE04F50151380CF00185442 /* CoreGraphics.framework */,
			);
			name = Frameworks;
			sourceTree = "<group>";
		};
		9CE04F52151380CF00185442 /* MyGame */ = {
			isa = PBXGroup;
			children = (
				9CE04F5B151380CF00185442 /* MGAppDelegate.h */,
				9CE04F5C151380CF00185442 /* MGAppDelegate.m */,
				9CEEFF14152F70FC0004D9AA /* MGInputViewController.h */,
				9CEEFF15152F70FC0004D9AA /* MGInputViewController.m */,
				9CEEFF181531C37F0004D9AA /* MGSceneController.h */,
				9CEEFF191531C37F0004D9AA /* MGSceneController.m */,
				9CE04F631513CCBA00185442 /* EAGLView.h */,
				9CE04F641513CCBA00185442 /* EAGLView.m */,
				9C15DD2315458A1E0095FBED /* MGSceneObject.h */,
				9C15DD2415458A1F0095FBED /* MGSceneObject.m */,
				9CAE9C691557F28600C88B50 /* MGMobileObject.h */,
				9CAE9C6A1557F28600C88B50 /* MGMobileObject.m */,
				9C15DD6F154E9A860095FBED /* Scene Objects */,
				9CAE9C6C155A7CBA00C88B50 /* Generators */,
				9CAE9C73155BE99200C88B50 /* Destroyers */,
				9C15DD74154E9AE70095FBED /* States */,
				9CAC5B13153D8AEC003ECB4F /* Touches */,
				9CEEFF1E153746CF0004D9AA /* Object's properties */,
				9CA68A25152C6FE4008E11AF /* Configuration Files */,
				9CE04F53151380CF00185442 /* Supporting Files */,
			);
			path = MyGame;
			sourceTree = "<group>";
		};
		9CE04F53151380CF00185442 /* Supporting Files */ = {
			isa = PBXGroup;
			children = (
				9CE04F54151380CF00185442 /* MyGame-Info.plist */,
				9CE04F55151380CF00185442 /* InfoPlist.strings */,
				9CE04F58151380CF00185442 /* main.m */,
				9CE04F5A151380CF00185442 /* MyGame-Prefix.pch */,
				9CEEFF2C1539941F0004D9AA /* MainWindow.xib */,
			);
			name = "Supporting Files";
			sourceTree = "<group>";
		};
		9CEEFF1E153746CF0004D9AA /* Object's properties */ = {
			isa = PBXGroup;
			children = (
				9CEEFF271538560A0004D9AA /* MGMesh.h */,
				9CEEFF281538560A0004D9AA /* MGMesh.m */,
			);
			name = "Object's properties";
			sourceTree = "<group>";
		};
/* End PBXGroup section */

/* Begin PBXNativeTarget section */
		9CE04F47151380CF00185442 /* MyGame */ = {
			isa = PBXNativeTarget;
			buildConfigurationList = 9CE04F60151380CF00185442 /* Build configuration list for PBXNativeTarget "MyGame" */;
			buildPhases = (
				9CE04F44151380CF00185442 /* Sources */,
				9CE04F45151380CF00185442 /* Frameworks */,
				9CE04F46151380CF00185442 /* Resources */,
			);
			buildRules = (
			);
			dependencies = (
			);
			name = MyGame;
			productName = MyGame;
			productReference = 9CE04F48151380CF00185442 /* MyGame.app */;
			productType = "com.apple.product-type.application";
		};
/* End PBXNativeTarget section */

/* Begin PBXProject section */
		9CE04F3F151380CF00185442 /* Project object */ = {
			isa = PBXProject;
			attributes = {
				LastUpgradeCheck = 0420;
			};
			buildConfigurationList = 9CE04F42151380CF00185442 /* Build configuration list for PBXProject "MyGame" */;
			compatibilityVersion = "Xcode 3.2";
			developmentRegion = English;
			hasScannedForEncodings = 0;
			knownRegions = (
				en,
			);
			mainGroup = 9CE04F3D151380CF00185442;
			productRefGroup = 9CE04F49151380CF00185442 /* Products */;
			projectDirPath = "";
			projectRoot = "";
			targets = (
				9CE04F47151380CF00185442 /* MyGame */,
			);
		};
/* End PBXProject section */

/* Begin PBXResourcesBuildPhase section */
		9CE04F46151380CF00185442 /* Resources */ = {
			isa = PBXResourcesBuildPhase;
			buildActionMask = 2147483647;
			files = (
				9CE04F57151380CF00185442 /* InfoPlist.strings in Resources */,
				9CEEFF2D1539941F0004D9AA /* MainWindow.xib in Resources */,
			);
			runOnlyForDeploymentPostprocessing = 0;
		};
/* End PBXResourcesBuildPhase section */

/* Begin PBXSourcesBuildPhase section */
		9CE04F44151380CF00185442 /* Sources */ = {
			isa = PBXSourcesBuildPhase;
			buildActionMask = 2147483647;
			files = (
				9CE04F59151380CF00185442 /* main.m in Sources */,
				9CE04F5D151380CF00185442 /* MGAppDelegate.m in Sources */,
				9CE04F651513CCBA00185442 /* EAGLView.m in Sources */,
				9CEEFF16152F70FC0004D9AA /* MGInputViewController.m in Sources */,
				9CEEFF1A1531C37F0004D9AA /* MGSceneController.m in Sources */,
				9CEEFF291538560A0004D9AA /* MGMesh.m in Sources */,
				9CAC5B16153D8B23003ECB4F /* MGTouch.m in Sources */,
				9C15DD2515458A210095FBED /* MGSceneObject.m in Sources */,
				9C15DD73154E9AD20095FBED /* MGButton.m in Sources */,
				9C15DD77154E9B2F0095FBED /* MGMainState.m in Sources */,
				9C15DD8315513ABD0095FBED /* MGState.m in Sources */,
				9C15DD8B155152DC0095FBED /* MGStateManager.m in Sources */,
				9C15DD8E1553EF010095FBED /* MGHelpState.m in Sources */,
				9C15DD911553EF3B0095FBED /* MGPlayState.m in Sources */,
				9C15DD941553EF650095FBED /* MGGameOverState.m in Sources */,
				9C15DD971553EFB70095FBED /* MGPauseState.m in Sources */,
				9C15DD9F1553F84C0095FBED /* MGBird.m in Sources */,
				9CAE9C6B1557F28600C88B50 /* MGMobileObject.m in Sources */,
				9CAE9C6F155A7D0000C88B50 /* MGMultipleBirdGenerator.m in Sources */,
				9CAE9C72155A9D9C00C88B50 /* MGTimedMultipleObjectGenerator.m in Sources */,
				9CAE9C76155BE9CE00C88B50 /* MGSceneObjectDestroyer.m in Sources */,
				9CAE9C79156253FD00C88B50 /* MGDuck.m in Sources */,
				9CAE9C7C156264FA00C88B50 /* MGMultipleDuckGenerator.m in Sources */,
				9CAE9C851565285600C88B50 /* Leaf.m in Sources */,
			);
			runOnlyForDeploymentPostprocessing = 0;
		};
/* End PBXSourcesBuildPhase section */

/* Begin PBXVariantGroup section */
		9CE04F55151380CF00185442 /* InfoPlist.strings */ = {
			isa = PBXVariantGroup;
			children = (
				9CE04F56151380CF00185442 /* en */,
			);
			name = InfoPlist.strings;
			sourceTree = "<group>";
		};
/* End PBXVariantGroup section */

/* Begin XCBuildConfiguration section */
		9CE04F5E151380CF00185442 /* Debug */ = {
			isa = XCBuildConfiguration;
			buildSettings = {
				ALWAYS_SEARCH_USER_PATHS = NO;
				ARCHS = "$(ARCHS_STANDARD_32_BIT)";
				"CODE_SIGN_IDENTITY[sdk=iphoneos*]" = "iPhone Developer";
				COPY_PHASE_STRIP = NO;
				GCC_C_LANGUAGE_STANDARD = gnu99;
				GCC_DYNAMIC_NO_PIC = NO;
				GCC_OPTIMIZATION_LEVEL = 0;
				GCC_PREPROCESSOR_DEFINITIONS = (
					"DEBUG=1",
					"$(inherited)",
				);
				GCC_SYMBOLS_PRIVATE_EXTERN = NO;
				GCC_VERSION = com.apple.compilers.llvm.clang.1_0;
				GCC_WARN_ABOUT_MISSING_PROTOTYPES = YES;
				GCC_WARN_ABOUT_RETURN_TYPE = YES;
				GCC_WARN_UNUSED_VARIABLE = YES;
				IPHONEOS_DEPLOYMENT_TARGET = 5.0;
				SDKROOT = iphoneos;
			};
			name = Debug;
		};
		9CE04F5F151380CF00185442 /* Release */ = {
			isa = XCBuildConfiguration;
			buildSettings = {
				ALWAYS_SEARCH_USER_PATHS = NO;
				ARCHS = "$(ARCHS_STANDARD_32_BIT)";
				"CODE_SIGN_IDENTITY[sdk=iphoneos*]" = "iPhone Developer";
				COPY_PHASE_STRIP = YES;
				GCC_C_LANGUAGE_STANDARD = gnu99;
				GCC_VERSION = com.apple.compilers.llvm.clang.1_0;
				GCC_WARN_ABOUT_MISSING_PROTOTYPES = YES;
				GCC_WARN_ABOUT_RETURN_TYPE = YES;
				GCC_WARN_UNUSED_VARIABLE = YES;
				IPHONEOS_DEPLOYMENT_TARGET = 5.0;
				OTHER_CFLAGS = "-DNS_BLOCK_ASSERTIONS=1";
				SDKROOT = iphoneos;
				VALIDATE_PRODUCT = YES;
			};
			name = Release;
		};
		9CE04F61151380CF00185442 /* Debug */ = {
			isa = XCBuildConfiguration;
			buildSettings = {
				GCC_PRECOMPILE_PREFIX_HEADER = YES;
				GCC_PREFIX_HEADER = "MyGame/MyGame-Prefix.pch";
				INFOPLIST_FILE = "MyGame/MyGame-Info.plist";
				PRODUCT_NAME = "$(TARGET_NAME)";
				WRAPPER_EXTENSION = app;
			};
			name = Debug;
		};
		9CE04F62151380CF00185442 /* Release */ = {
			isa = XCBuildConfiguration;
			buildSettings = {
				GCC_PRECOMPILE_PREFIX_HEADER = YES;
				GCC_PREFIX_HEADER = "MyGame/MyGame-Prefix.pch";
				INFOPLIST_FILE = "MyGame/MyGame-Info.plist";
				PRODUCT_NAME = "$(TARGET_NAME)";
				WRAPPER_EXTENSION = app;
			};
			name = Release;
		};
/* End XCBuildConfiguration section */

/* Begin XCConfigurationList section */
		9CE04F42151380CF00185442 /* Build configuration list for PBXProject "MyGame" */ = {
			isa = XCConfigurationList;
			buildConfigurations = (
				9CE04F5E151380CF00185442 /* Debug */,
				9CE04F5F151380CF00185442 /* Release */,
			);
			defaultConfigurationIsVisible = 0;
			defaultConfigurationName = Release;
		};
		9CE04F60151380CF00185442 /* Build configuration list for PBXNativeTarget "MyGame" */ = {
			isa = XCConfigurationList;
			buildConfigurations = (
				9CE04F61151380CF00185442 /* Debug */,
				9CE04F62151380CF00185442 /* Release */,
			);
			defaultConfigurationIsVisible = 0;
			defaultConfigurationName = Release;
		};
/* End XCConfigurationList section */
	};
	rootObject = 9CE04F3F151380CF00185442 /* Project object */;
}
